
Microsoft Visual Studio Solution File, Format Version 12.00
# Visual Studio Version 17
VisualStudioVersion = 17.3.32819.101
MinimumVisualStudioVersion = 10.0.40219.1
Project("{8BC9CEB8-8B4A-11D0-8D11-00A0C91BC942}") = "zelda3", "zelda3.vcxproj", "{CB07E01D-A194-481A-BEA1-DC13756AD150}"
EndProject
Project("{8BC9CEB8-8B4A-11D0-8D11-00A0C91BC942}") = "SDL2", "..\SDL\VisualC\SDL\SDL.vcxproj", "{81CE8DAF-EBB2-4761-8E45-B71ABCCA8C68}"
EndProject
Global
	GlobalSection(SolutionConfigurationPlatforms) = preSolution
		Debug|x64 = Debug|x64
		Debug|x86 = Debug|x86
		Release|x64 = Release|x64
		Release|x86 = Release|x86
	EndGlobalSection
	GlobalSection(ProjectConfigurationPlatforms) = postSolution
		{CB07E01D-A194-481A-BEA1-DC13756AD150}.Debug|x64.ActiveCfg = Debug|x64
		{CB07E01D-A194-481A-BEA1-DC13756AD150}.Debug|x64.Build.0 = Debug|x64
		{CB07E01D-A194-481A-BEA1-DC13756AD150}.Debug|x86.ActiveCfg = Debug|Win32
		{CB07E01D-A194-481A-BEA1-DC13756AD150}.Debug|x86.Build.0 = Debug|Win32
		{CB07E01D-A194-481A-BEA1-DC13756AD150}.Release|x64.ActiveCfg = Release|x64
		{CB07E01D-A194-481A-BEA1-DC13756AD150}.Release|x64.Build.0 = Release|x64
		{CB07E01D-A194-481A-BEA1-DC13756AD150}.Release|x86.ActiveCfg = Release|Win32
		{CB07E01D-A194-481A-BEA1-DC13756AD150}.Release|x86.Build.0 = Release|Win32
		{81CE8DAF-EBB2-4761-8E45-B71ABCCA8C68}.Debug|x64.ActiveCfg = Debug|x64
		{81CE8DAF-EBB2-4761-8E45-B71ABCCA8C68}.Debug|x64.Build.0 = Debug|x64
		{81CE8DAF-EBB2-4761-8E45-B71ABCCA8C68}.Debug|x86.ActiveCfg = Debug|Win32
		{81CE8DAF-EBB2-4761-8E45-B71ABCCA8C68}.Debug|x86.Build.0 = Debug|Win32
		{81CE8DAF-EBB2-4761-8E45-B71ABCCA8C68}.Release|x64.ActiveCfg = Release|x64
		{81CE8DAF-EBB2-4761-8E45-B71ABCCA8C68}.Release|x64.Build.0 = Release|x64
		{81CE8DAF-EBB2-4761-8E45-B71ABCCA8C68}.Release|x86.ActiveCfg = Release|Win32
		{81CE8DAF-EBB2-4761-8E45-B71ABCCA8C68}.Release|x86.Build.0 = Release|Win32
	EndGlobalSection
	GlobalSection(SolutionProperties) = preSolution
		HideSolutionNode = FALSE
	EndGlobalSection
	GlobalSection(ExtensibilityGlobals) = postSolution
		SolutionGuid = {E47623E3-1B23-4ED7-8FC1-3E1F0AD82DD0}
	EndGlobalSection
EndGlobal
