<?xml version="1.0" encoding="utf-8"?>
<Project ToolsVersion="4.0" xmlns="http://schemas.microsoft.com/developer/msbuild/2003">
  <ItemGroup>
    <Filter Include="Zelda">
      <UniqueIdentifier>{d6299dde-0eca-4199-8851-ead8818843b7}</UniqueIdentifier>
    </Filter>
    <Filter Include="Snes">
      <UniqueIdentifier>{4FC737F1-C7A5-4376-A066-2A32D752A2FF}</UniqueIdentifier>
      <Extensions>cpp;c;cc;cxx;def;odl;idl;hpj;bat;asm;asmx</Extensions>
    </Filter>
    <Filter Include="Resource Files">
      <UniqueIdentifier>{8dbd24e3-4805-4844-bbc0-f229cb086e62}</UniqueIdentifier>
    </Filter>
    <Filter Include="Platform">
      <UniqueIdentifier>{be379862-b248-4de9-8553-bb51e2e72141}</UniqueIdentifier>
    </Filter>
    <Filter Include="Deploy">
      <UniqueIdentifier>{6caf5b06-f969-4668-85ff-242ab970edf1}</UniqueIdentifier>
    </Filter>
    <Filter Include="Deploy\saverefs">
      <UniqueIdentifier>{43126d3a-e51a-4d0c-99a4-c0ca9a5e1a50}</UniqueIdentifier>
    </Filter>
    <Filter Include="Deploy\tables">
      <UniqueIdentifier>{af7accb3-a27b-402b-ab20-86bbb57bd9a3}</UniqueIdentifier>
    </Filter>
    <Filter Include="third_party">
      <UniqueIdentifier>{29eb2519-e785-4828-a9e2-1d6eca0d4087}</UniqueIdentifier>
    </Filter>
    <Filter Include="third_party\Opus">
      <UniqueIdentifier>{37a75a07-8fba-493c-aac5-0d1cbef09fe0}</UniqueIdentifier>
    </Filter>
  </ItemGroup>
  <ItemGroup>
    <ClCompile Include="third_party\gl_core\gl_core_3_1.c">
      <Filter>third_party</Filter>
    </ClCompile>
    <ClCompile Include="third_party\opus-1.3.1-stripped\opus_decoder_amalgam.c">
      <Filter>third_party\Opus</Filter>
    </ClCompile>
    <ClCompile Include="third_party\opus-1.3.1-stripped\bands.c">
      <Filter>third_party\Opus</Filter>
    </ClCompile>
    <ClCompile Include="third_party\opus-1.3.1-stripped\celt.c">
      <Filter>third_party\Opus</Filter>
    </ClCompile>
    <ClCompile Include="third_party\opus-1.3.1-stripped\celt_decoder.c">
      <Filter>third_party\Opus</Filter>
    </ClCompile>
    <ClCompile Include="third_party\opus-1.3.1-stripped\cwrs.c">
      <Filter>third_party\Opus</Filter>
    </ClCompile>
    <ClCompile Include="third_party\opus-1.3.1-stripped\entcode.c">
      <Filter>third_party\Opus</Filter>
    </ClCompile>
    <ClCompile Include="third_party\opus-1.3.1-stripped\entdec.c">
      <Filter>third_party\Opus</Filter>
    </ClCompile>
    <ClCompile Include="third_party\opus-1.3.1-stripped\kiss_fft.c">
      <Filter>third_party\Opus</Filter>
    </ClCompile>
    <ClCompile Include="third_party\opus-1.3.1-stripped\laplace.c">
      <Filter>third_party\Opus</Filter>
    </ClCompile>
    <ClCompile Include="third_party\opus-1.3.1-stripped\mathops.c">
      <Filter>third_party\Opus</Filter>
    </ClCompile>
    <ClCompile Include="third_party\opus-1.3.1-stripped\mdct.c">
      <Filter>third_party\Opus</Filter>
    </ClCompile>
    <ClCompile Include="third_party\opus-1.3.1-stripped\modes.c">
      <Filter>third_party\Opus</Filter>
    </ClCompile>
    <ClCompile Include="third_party\opus-1.3.1-stripped\opus.c">
      <Filter>third_party\Opus</Filter>
    </ClCompile>
    <ClCompile Include="third_party\opus-1.3.1-stripped\opus_decoder.c">
      <Filter>third_party\Opus</Filter>
    </ClCompile>
    <ClCompile Include="third_party\opus-1.3.1-stripped\quant_bands.c">
      <Filter>third_party\Opus</Filter>
    </ClCompile>
    <ClCompile Include="third_party\opus-1.3.1-stripped\rate.c">
      <Filter>third_party\Opus</Filter>
    </ClCompile>
    <ClCompile Include="third_party\opus-1.3.1-stripped\vq.c">
      <Filter>third_party\Opus</Filter>
    </ClCompile>
    <ClCompile Include="third_party\opus-1.3.1-stripped\x86\pitch_sse.c">
      <Filter>third_party\Opus</Filter>
    </ClCompile>
    <ClCompile Include="third_party\opus-1.3.1-stripped\x86\x86cpu.c">
      <Filter>third_party\Opus</Filter>
    </ClCompile>
    <ClCompile Include="snes\apu.c">
      <Filter>Snes</Filter>
    </ClCompile>
    <ClCompile Include="snes\cart.c">
      <Filter>Snes</Filter>
    </ClCompile>
    <ClCompile Include="snes\cpu.c">
      <Filter>Snes</Filter>
    </ClCompile>
    <ClCompile Include="snes\dma.c">
      <Filter>Snes</Filter>
    </ClCompile>
    <ClCompile Include="snes\dsp.c">
      <Filter>Snes</Filter>
    </ClCompile>
    <ClCompile Include="snes\input.c">
      <Filter>Snes</Filter>
    </ClCompile>
    <ClCompile Include="snes\ppu.c">
      <Filter>Snes</Filter>
    </ClCompile>
    <ClCompile Include="snes\snes.c">
      <Filter>Snes</Filter>
    </ClCompile>
    <ClCompile Include="snes\snes_other.c">
      <Filter>Snes</Filter>
    </ClCompile>
    <ClCompile Include="snes\spc.c">
      <Filter>Snes</Filter>
    </ClCompile>
    <ClCompile Include="snes\tracing.c">
      <Filter>Snes</Filter>
    </ClCompile>
    <ClInclude Include="snes\apu.h">
      <Filter>Snes</Filter>
    </ClInclude>
    <ClInclude Include="snes\cart.h">
      <Filter>Snes</Filter>
    </ClInclude>
    <ClInclude Include="snes\cpu.h">
      <Filter>Snes</Filter>
    </ClInclude>
    <ClInclude Include="snes\dma.h">
      <Filter>Snes</Filter>
    </ClInclude>
    <ClInclude Include="snes\dsp.h">
      <Filter>Snes</Filter>
    </ClInclude>
    <ClInclude Include="snes\input.h">
      <Filter>Snes</Filter>
    </ClInclude>
    <ClInclude Include="snes\ppu.h">
      <Filter>Snes</Filter>
    </ClInclude>
    <ClInclude Include="snes\saveload.h">
      <Filter>Snes</Filter>
    </ClInclude>
    <ClInclude Include="snes\snes.h">
      <Filter>Snes</Filter>
    </ClInclude>
    <ClInclude Include="snes\spc.h">
      <Filter>Snes</Filter>
    </ClInclude>
    <ClInclude Include="snes\dsp_regs.h">
      <Filter>Snes</Filter>
    </ClInclude>
    <ClInclude Include="snes\snes_regs.h">
      <Filter>Snes</Filter>
    </ClInclude>
    <ClInclude Include="snes\tracing.h">
      <Filter>Snes</Filter>
    </ClInclude>
    <ClCompile Include="src\ancilla.c">
      <Filter>Zelda</Filter>
    </ClCompile>
    <ClCompile Include="src\dungeon.c">
      <Filter>Zelda</Filter>
    </ClCompile>
    <ClCompile Include="src\ending.c">
      <Filter>Zelda</Filter>
    </ClCompile>
    <ClCompile Include="src\glsl_shader.c">
      <Filter>Zelda</Filter>
    </ClCompile>
    <ClCompile Include="src\hud.c">
      <Filter>Zelda</Filter>
    </ClCompile>
    <ClCompile Include="src\load_gfx.c">
      <Filter>Zelda</Filter>
    </ClCompile>
    <ClCompile Include="src\main.c">
      <Filter>Zelda</Filter>
    </ClCompile>
    <ClCompile Include="src\messaging.c">
      <Filter>Zelda</Filter>
    </ClCompile>
    <ClCompile Include="src\misc.c">
      <Filter>Zelda</Filter>
    </ClCompile>
    <ClCompile Include="src\opengl.c">
      <Filter>Zelda</Filter>
    </ClCompile>
    <ClCompile Include="src\nmi.c">
      <Filter>Zelda</Filter>
    </ClCompile>
    <ClCompile Include="src\overworld.c">
      <Filter>Zelda</Filter>
    </ClCompile>
    <ClCompile Include="src\overlord.c">
      <Filter>Zelda</Filter>
    </ClCompile>
    <ClCompile Include="src\player.c">
      <Filter>Zelda</Filter>
    </ClCompile>
    <ClCompile Include="src\player_oam.c">
      <Filter>Zelda</Filter>
    </ClCompile>
    <ClCompile Include="src\poly.c">
      <Filter>Zelda</Filter>
    </ClCompile>
    <ClCompile Include="src\select_file.c">
      <Filter>Zelda</Filter>
    </ClCompile>
    <ClCompile Include="src\spc_player.c">
      <Filter>Zelda</Filter>
    </ClCompile>
    <ClCompile Include="src\sprite.c">
      <Filter>Zelda</Filter>
    </ClCompile>
    <ClCompile Include="src\sprite_main.c">
      <Filter>Zelda</Filter>
    </ClCompile>
    <ClCompile Include="src\tagalong.c">
      <Filter>Zelda</Filter>
    </ClCompile>
    <ClCompile Include="src\tile_detect.c">
      <Filter>Zelda</Filter>
    </ClCompile>
    <ClCompile Include="src\util.c">
      <Filter>Zelda</Filter>
    </ClCompile>
    <ClCompile Include="src\platform\win32\volume_control.c">
      <Filter>Zelda</Filter>
    </ClCompile>
    <ClCompile Include="src\zelda_cpu_infra.c">
      <Filter>Zelda</Filter>
    </ClCompile>
    <ClCompile Include="src\zelda_rtl.c">
      <Filter>Zelda</Filter>
    </ClCompile>
    <ClCompile Include="src\attract.c">
      <Filter>Zelda</Filter>
    </ClCompile>
    <ClCompile Include="src\audio.c">
      <Filter>Zelda</Filter>
    </ClCompile>
    <ClCompile Include="src\config.c">
      <Filter>Zelda</Filter>
    </ClCompile>
  </ItemGroup>
  <ItemGroup>
    <ClInclude Include="third_party\gl_core\gl_core_3_1.h">
      <Filter>third_party</Filter>
    </ClInclude>
    <ClInclude Include="third_party\opus-1.3.1-stripped\_kiss_fft_guts.h">
      <Filter>third_party\Opus</Filter>
    </ClInclude>
    <ClInclude Include="third_party\opus-1.3.1-stripped\arch.h">
      <Filter>third_party\Opus</Filter>
    </ClInclude>
    <ClInclude Include="third_party\opus-1.3.1-stripped\bands.h">
      <Filter>third_party\Opus</Filter>
    </ClInclude>
    <ClInclude Include="third_party\opus-1.3.1-stripped\celt.h">
      <Filter>third_party\Opus</Filter>
    </ClInclude>
    <ClInclude Include="third_party\opus-1.3.1-stripped\config.h">
      <Filter>third_party\Opus</Filter>
    </ClInclude>
    <ClInclude Include="third_party\opus-1.3.1-stripped\cpu_support.h">
      <Filter>third_party\Opus</Filter>
    </ClInclude>
    <ClInclude Include="third_party\opus-1.3.1-stripped\cwrs.h">
      <Filter>third_party\Opus</Filter>
    </ClInclude>
    <ClInclude Include="third_party\opus-1.3.1-stripped\ecintrin.h">
      <Filter>third_party\Opus</Filter>
    </ClInclude>
    <ClInclude Include="third_party\opus-1.3.1-stripped\entcode.h">
      <Filter>third_party\Opus</Filter>
    </ClInclude>
    <ClInclude Include="third_party\opus-1.3.1-stripped\entdec.h">
      <Filter>third_party\Opus</Filter>
    </ClInclude>
    <ClInclude Include="third_party\opus-1.3.1-stripped\float_cast.h">
      <Filter>third_party\Opus</Filter>
    </ClInclude>
    <ClInclude Include="third_party\opus-1.3.1-stripped\kiss_fft.h">
      <Filter>third_party\Opus</Filter>
    </ClInclude>
    <ClInclude Include="third_party\opus-1.3.1-stripped\laplace.h">
      <Filter>third_party\Opus</Filter>
    </ClInclude>
    <ClInclude Include="third_party\opus-1.3.1-stripped\mathops.h">
      <Filter>third_party\Opus</Filter>
    </ClInclude>
    <ClInclude Include="third_party\opus-1.3.1-stripped\mdct.h">
      <Filter>third_party\Opus</Filter>
    </ClInclude>
    <ClInclude Include="third_party\opus-1.3.1-stripped\mfrngcod.h">
      <Filter>third_party\Opus</Filter>
    </ClInclude>
    <ClInclude Include="third_party\opus-1.3.1-stripped\modes.h">
      <Filter>third_party\Opus</Filter>
    </ClInclude>
    <ClInclude Include="third_party\opus-1.3.1-stripped\opus.h">
      <Filter>third_party\Opus</Filter>
    </ClInclude>
    <ClInclude Include="third_party\opus-1.3.1-stripped\opus_custom.h">
      <Filter>third_party\Opus</Filter>
    </ClInclude>
    <ClInclude Include="third_party\opus-1.3.1-stripped\opus_defines.h">
      <Filter>third_party\Opus</Filter>
    </ClInclude>
    <ClInclude Include="third_party\opus-1.3.1-stripped\opus_private.h">
      <Filter>third_party\Opus</Filter>
    </ClInclude>
    <ClInclude Include="third_party\opus-1.3.1-stripped\opus_types.h">
      <Filter>third_party\Opus</Filter>
    </ClInclude>
    <ClInclude Include="third_party\opus-1.3.1-stripped\os_support.h">
      <Filter>third_party\Opus</Filter>
    </ClInclude>
    <ClInclude Include="third_party\opus-1.3.1-stripped\pitch.h">
      <Filter>third_party\Opus</Filter>
    </ClInclude>
    <ClInclude Include="third_party\opus-1.3.1-stripped\quant_bands.h">
      <Filter>third_party\Opus</Filter>
    </ClInclude>
    <ClInclude Include="third_party\opus-1.3.1-stripped\rate.h">
      <Filter>third_party\Opus</Filter>
    </ClInclude>
    <ClInclude Include="third_party\opus-1.3.1-stripped\stack_alloc.h">
      <Filter>third_party\Opus</Filter>
    </ClInclude>
    <ClInclude Include="third_party\opus-1.3.1-stripped\static_modes_float.h">
      <Filter>third_party\Opus</Filter>
    </ClInclude>
    <ClInclude Include="third_party\opus-1.3.1-stripped\static_modes_float_arm_ne10.h">
      <Filter>third_party\Opus</Filter>
    </ClInclude>
    <ClInclude Include="third_party\opus-1.3.1-stripped\vq.h">
      <Filter>third_party\Opus</Filter>
    </ClInclude>
    <ClInclude Include="third_party\opus-1.3.1-stripped\x86\pitch_sse.h">
      <Filter>third_party\Opus</Filter>
    </ClInclude>
    <ClInclude Include="third_party\opus-1.3.1-stripped\x86\x86cpu.h">
      <Filter>third_party\Opus</Filter>
    </ClInclude>
    <ClInclude Include="src\ancilla.h">
      <Filter>Zelda</Filter>
    </ClInclude>
    <ClInclude Include="src\assets.h">
      <Filter>Zelda</Filter>
    </ClInclude>
    <ClInclude Include="src\attract.h">
      <Filter>Zelda</Filter>
    </ClInclude>
    <ClInclude Include="src\audio.h">
      <Filter>Zelda</Filter>
    </ClInclude>
    <ClInclude Include="src\config.h">
      <Filter>Zelda</Filter>
    </ClInclude>
    <ClInclude Include="src\dungeon.h">
      <Filter>Zelda</Filter>
    </ClInclude>
    <ClInclude Include="src\ending.h">
      <Filter>Zelda</Filter>
    </ClInclude>
    <ClInclude Include="src\features.h">
      <Filter>Zelda</Filter>
    </ClInclude>
    <ClInclude Include="src\glsl_shader.h">
      <Filter>Zelda</Filter>
    </ClInclude>
    <ClInclude Include="src\hud.h">
      <Filter>Zelda</Filter>
    </ClInclude>
    <ClInclude Include="src\load_gfx.h">
      <Filter>Zelda</Filter>
    </ClInclude>
    <ClInclude Include="src\messaging.h">
      <Filter>Zelda</Filter>
    </ClInclude>
    <ClInclude Include="src\misc.h">
      <Filter>Zelda</Filter>
    </ClInclude>
    <ClInclude Include="src\nmi.h">
      <Filter>Zelda</Filter>
    </ClInclude>
    <ClInclude Include="src\overlord.h">
      <Filter>Zelda</Filter>
    </ClInclude>
    <ClInclude Include="src\overworld.h">
      <Filter>Zelda</Filter>
    </ClInclude>
    <ClInclude Include="src\player.h">
      <Filter>Zelda</Filter>
    </ClInclude>
    <ClInclude Include="src\player_oam.h">
      <Filter>Zelda</Filter>
    </ClInclude>
    <ClInclude Include="src\poly.h">
      <Filter>Zelda</Filter>
    </ClInclude>
    <ClInclude Include="src\platform\win32\resource.h">
      <Filter>Zelda</Filter>
    </ClInclude>
    <ClInclude Include="src\select_file.h">
      <Filter>Zelda</Filter>
    </ClInclude>
    <ClInclude Include="src\spc_player.h">
      <Filter>Zelda</Filter>
    </ClInclude>
    <ClInclude Include="src\sprite.h">
      <Filter>Zelda</Filter>
    </ClInclude>
    <ClInclude Include="src\sprite_main.h">
      <Filter>Zelda</Filter>
    </ClInclude>
    <ClInclude Include="src\tagalong.h">
      <Filter>Zelda</Filter>
    </ClInclude>
    <ClInclude Include="src\tile_detect.h">
      <Filter>Zelda</Filter>
    </ClInclude>
    <ClInclude Include="src\types.h">
      <Filter>Zelda</Filter>
    </ClInclude>
    <ClInclude Include="src\util.h">
      <Filter>Zelda</Filter>
    </ClInclude>
    <ClInclude Include="src\variables.h">
      <Filter>Zelda</Filter>
    </ClInclude>
    <ClInclude Include="src\platform\win32\volume_control.h">
      <Filter>Zelda</Filter>
    </ClInclude>
    <ClInclude Include="src\zelda_cpu_infra.h">
      <Filter>Zelda</Filter>
    </ClInclude>
    <ClInclude Include="src\zelda_rtl.h">
      <Filter>Zelda</Filter>
    </ClInclude>
  </ItemGroup>
  <ItemGroup>
    <Image Include="src\platform\win32\triforce.ico">
      <Filter>Zelda</Filter>
    </Image>
    <Image Include="src\platform\linux\triforce.png">
      <Filter>Zelda</Filter>
    </Image>
  </ItemGroup>
  <ItemGroup>
    <Text Include="LICENSE.txt">
      <Filter>Deploy</Filter>
    </Text>
    <Text Include="README.md">
      <Filter>Deploy</Filter>
    </Text>
  </ItemGroup>
  <ItemGroup>
    <Text Include="zelda3.ini">
      <Filter>Deploy</Filter>
    </Text>
  </ItemGroup>
  <ItemGroup>
    <None Include="tables\zelda3_assets.dat">
      <Filter>Deploy\tables</Filter>
    </None>
    <None Include="packages.config">
      <Filter>Zelda</Filter>
    </None>
  </ItemGroup>
  <ItemGroup>
    <None Include="saves\ref\Chapter 1 - Zelda's Rescue.sav">
      <Filter>Deploy\saverefs</Filter>
    </None>
    <None Include="saves\ref\Chapter 2 - After Eastern Palace.sav">
      <Filter>Deploy\saverefs</Filter>
    </None>
    <None Include="saves\ref\Chapter 3 - After Desert Palace.sav">
      <Filter>Deploy\saverefs</Filter>
    </None>
    <None Include="saves\ref\Chapter 4 - After Tower of Hera.sav">
      <Filter>Deploy\saverefs</Filter>
    </None>
    <None Include="saves\ref\Chapter 5 - After Hyrule Castle Tower.sav">
      <Filter>Deploy\saverefs</Filter>
    </None>
    <None Include="saves\ref\Chapter 6 - After Dark Palace.sav">
      <Filter>Deploy\saverefs</Filter>
    </None>
    <None Include="saves\ref\Chapter 7 - After Swamp Palace.sav">
      <Filter>Deploy\saverefs</Filter>
    </None>
    <None Include="saves\ref\Chapter 8 - After Skull Woods.sav">
      <Filter>Deploy\saverefs</Filter>
    </None>
    <None Include="saves\ref\Chapter 9 - After Gargoyle's Domain.sav">
      <Filter>Deploy\saverefs</Filter>
    </None>
    <None Include="saves\ref\Chapter 10 - After Ice Palace.sav">
      <Filter>Deploy\saverefs</Filter>
    </None>
    <None Include="saves\ref\Chapter 11 - After Misery Mire.sav">
      <Filter>Deploy\saverefs</Filter>
    </None>
    <None Include="saves\ref\Chapter 12 - After Turtle Rock.sav">
      <Filter>Deploy\saverefs</Filter>
    </None>
    <None Include="saves\ref\Chapter 13 - After Ganon's Tower.sav">
      <Filter>Deploy\saverefs</Filter>
    </None>
  </ItemGroup>
  <ItemGroup>
    <ResourceCompile Include="src\platform\win32\zelda3.rc">
      <Filter>Zelda</Filter>
    </ResourceCompile>
  </ItemGroup>
</Project>