<?xml version="1.0" encoding="utf-8"?>
<Project ToolsVersion="4.0" xmlns="http://schemas.microsoft.com/developer/msbuild/2003">
  <ItemGroup>
    <Filter Include="Zelda">
      <UniqueIdentifier>{d6299dde-0eca-4199-8851-ead8818843b7}</UniqueIdentifier>
    </Filter>
    <Filter Include="Snes">
      <UniqueIdentifier>{4FC737F1-C7A5-4376-A066-2A32D752A2FF}</UniqueIdentifier>
      <Extensions>cpp;c;cc;cxx;def;odl;idl;hpj;bat;asm;asmx</Extensions>
    </Filter>
  </ItemGroup>
  <ItemGroup>
    <ClCompile Include="snes\apu.cpp">
      <Filter>Snes</Filter>
    </ClCompile>
    <ClCompile Include="snes\cart.cpp">
      <Filter>Snes</Filter>
    </ClCompile>
    <ClCompile Include="snes\cpu.cpp">
      <Filter>Snes</Filter>
    </ClCompile>
    <ClCompile Include="snes\dma.cpp">
      <Filter>Snes</Filter>
    </ClCompile>
    <ClCompile Include="snes\dsp.cpp">
      <Filter>Snes</Filter>
    </ClCompile>
    <ClCompile Include="snes\input.cpp">
      <Filter>Snes</Filter>
    </ClCompile>
    <ClCompile Include="main.cpp">
      <Filter>Snes</Filter>
    </ClCompile>
    <ClCompile Include="snes\ppu.cpp">
      <Filter>Snes</Filter>
    </ClCompile>
    <ClCompile Include="snes\snes.cpp">
      <Filter>Snes</Filter>
    </ClCompile>
    <ClCompile Include="snes\snes_other.cpp">
      <Filter>Snes</Filter>
    </ClCompile>
    <ClCompile Include="snes\spc.cpp">
      <Filter>Snes</Filter>
    </ClCompile>
    <ClCompile Include="tracing.cpp">
      <Filter>Snes</Filter>
    </ClCompile>
    <ClCompile Include="zelda_rtl.cpp">
      <Filter>Zelda</Filter>
    </ClCompile>
    <ClCompile Include="hud.cpp">
      <Filter>Zelda</Filter>
    </ClCompile>
    <ClCompile Include="dungeon.cpp">
      <Filter>Zelda</Filter>
    </ClCompile>
    <ClCompile Include="nmi.cpp">
      <Filter>Zelda</Filter>
    </ClCompile>
    <ClCompile Include="player_oam.cpp">
      <Filter>Zelda</Filter>
    </ClCompile>
    <ClCompile Include="load_gfx.cpp">
      <Filter>Zelda</Filter>
    </ClCompile>
    <ClCompile Include="messaging.cpp">
      <Filter>Zelda</Filter>
    </ClCompile>
    <ClCompile Include="overworld.cpp">
      <Filter>Zelda</Filter>
    </ClCompile>
    <ClCompile Include="sprite.cpp">
      <Filter>Zelda</Filter>
    </ClCompile>
    <ClCompile Include="sprite_main.cpp">
      <Filter>Zelda</Filter>
    </ClCompile>
    <ClCompile Include="tagalong.cpp">
      <Filter>Zelda</Filter>
    </ClCompile>
    <ClCompile Include="overlord.cpp">
      <Filter>Zelda</Filter>
    </ClCompile>
    <ClCompile Include="poly.cpp">
      <Filter>Zelda</Filter>
    </ClCompile>
    <ClCompile Include="ancilla.cpp">
      <Filter>Zelda</Filter>
    </ClCompile>
    <ClCompile Include="ending.cpp">
      <Filter>Zelda</Filter>
    </ClCompile>
    <ClCompile Include="attract.cpp">
      <Filter>Zelda</Filter>
    </ClCompile>
    <ClCompile Include="select_file.cpp">
      <Filter>Zelda</Filter>
    </ClCompile>
    <ClCompile Include="spc_player.cpp">
      <Filter>Zelda</Filter>
    </ClCompile>
    <ClCompile Include="player.cpp">
      <Filter>Zelda</Filter>
    </ClCompile>
    <ClCompile Include="tile_detect.cpp">
      <Filter>Zelda</Filter>
    </ClCompile>
    <ClCompile Include="other_modules.cpp">
      <Filter>Zelda</Filter>
    </ClCompile>
    <ClCompile Include="misc.cpp">
      <Filter>Zelda</Filter>
    </ClCompile>
    <ClCompile Include="zelda_cpu_infra.cpp">
      <Filter>Zelda</Filter>
    </ClCompile>
  </ItemGroup>
  <ItemGroup>
    <ClInclude Include="snes\apu.h">
      <Filter>Snes</Filter>
    </ClInclude>
    <ClInclude Include="snes\cart.h">
      <Filter>Snes</Filter>
    </ClInclude>
    <ClInclude Include="snes\cpu.h">
      <Filter>Snes</Filter>
    </ClInclude>
    <ClInclude Include="snes\dma.h">
      <Filter>Snes</Filter>
    </ClInclude>
    <ClInclude Include="snes\dsp.h">
      <Filter>Snes</Filter>
    </ClInclude>
    <ClInclude Include="snes\input.h">
      <Filter>Snes</Filter>
    </ClInclude>
    <ClInclude Include="snes\ppu.h">
      <Filter>Snes</Filter>
    </ClInclude>
    <ClInclude Include="snes\saveload.h">
      <Filter>Snes</Filter>
    </ClInclude>
    <ClInclude Include="snes\snes.h">
      <Filter>Snes</Filter>
    </ClInclude>
    <ClInclude Include="snes\spc.h">
      <Filter>Snes</Filter>
    </ClInclude>
    <ClInclude Include="tracing.h">
      <Filter>Snes</Filter>
    </ClInclude>
    <ClInclude Include="zelda_rtl.h">
      <Filter>Zelda</Filter>
    </ClInclude>
    <ClInclude Include="hud.h">
      <Filter>Zelda</Filter>
    </ClInclude>
    <ClInclude Include="dungeon.h">
      <Filter>Zelda</Filter>
    </ClInclude>
    <ClInclude Include="snes_regs.h">
      <Filter>Zelda</Filter>
    </ClInclude>
    <ClInclude Include="nmi.h">
      <Filter>Zelda</Filter>
    </ClInclude>
    <ClInclude Include="load_gfx.h">
      <Filter>Zelda</Filter>
    </ClInclude>
    <ClInclude Include="overworld.h">
      <Filter>Zelda</Filter>
    </ClInclude>
    <ClInclude Include="variables.h">
      <Filter>Zelda</Filter>
    </ClInclude>
    <ClInclude Include="sprite.h">
      <Filter>Zelda</Filter>
    </ClInclude>
    <ClInclude Include="tagalong.h">
      <Filter>Zelda</Filter>
    </ClInclude>
    <ClInclude Include="overlord.h">
      <Filter>Zelda</Filter>
    </ClInclude>
    <ClInclude Include="poly.h">
      <Filter>Zelda</Filter>
    </ClInclude>
    <ClInclude Include="ancilla.h">
      <Filter>Zelda</Filter>
    </ClInclude>
    <ClInclude Include="ending.h">
      <Filter>Zelda</Filter>
    </ClInclude>
    <ClInclude Include="select_file.h">
      <Filter>Zelda</Filter>
    </ClInclude>
    <ClInclude Include="tile_detect.h">
      <Filter>Zelda</Filter>
    </ClInclude>
    <ClInclude Include="types.h">
      <Filter>Zelda</Filter>
    </ClInclude>
    <ClInclude Include="player.h">
      <Filter>Zelda</Filter>
    </ClInclude>
    <ClInclude Include="other_modules.h">
      <Filter>Zelda</Filter>
    </ClInclude>
    <ClInclude Include="misc.h">
      <Filter>Zelda</Filter>
    </ClInclude>
    <ClInclude Include="player_oam.h">
      <Filter>Zelda</Filter>
    </ClInclude>
    <ClInclude Include="messaging.h">
      <Filter>Zelda</Filter>
    </ClInclude>
    <ClInclude Include="attract.h">
      <Filter>Zelda</Filter>
    </ClInclude>
    <ClInclude Include="zelda_cpu_infra.h">
      <Filter>Zelda</Filter>
    </ClInclude>
    <ClInclude Include="spc_player.h">
      <Filter>Zelda</Filter>
    </ClInclude>
    <ClInclude Include="sprite_main.h">
      <Filter>Zelda</Filter>
    </ClInclude>
  </ItemGroup>
</Project>